
Microsoft Visual Studio Solution File, Format Version 12.00
# Visual Studio 15
VisualStudioVersion = 15.0.28307.645
MinimumVisualStudioVersion = 10.0.40219.1
Project("{FAE04EC0-301F-11D3-BF4B-00C04F79EFBC}") = "blogAsp", "blogAsp\blogAsp.csproj", "{B438D183-4C19-4AA2-BA79-7DDD0C3F3984}"
EndProject
Global
	GlobalSection(SolutionConfigurationPlatforms) = preSolution
		Debug|Any CPU = Debug|Any CPU
		Release|Any CPU = Release|Any CPU
	EndGlobalSection
	GlobalSection(ProjectConfigurationPlatforms) = postSolution
		{B438D183-4C19-4AA2-BA79-7DDD0C3F3984}.Debug|Any CPU.ActiveCfg = Debug|Any CPU
		{B438D183-4C19-4AA2-BA79-7DDD0C3F3984}.Debug|Any CPU.Build.0 = Debug|Any CPU
		{B438D183-4C19-4AA2-BA79-7DDD0C3F3984}.Release|Any CPU.ActiveCfg = Release|Any CPU
		{B438D183-4C19-4AA2-BA79-7DDD0C3F3984}.Release|Any CPU.Build.0 = Release|Any CPU
	EndGlobalSection
	GlobalSection(SolutionProperties) = preSolution
		HideSolutionNode = FALSE
	EndGlobalSection
	GlobalSection(ExtensibilityGlobals) = postSolution
		SolutionGuid = {4EB513F8-8EF3-410A-BB3A-73815049D798}
	EndGlobalSection
EndGlobal
